// !$*UTF8*$!
{
	archiveVersion = 1;
	classes = {
	};
	objectVersion = 50;
	objects = {

/* Begin PBXBuildFile section */
		3DFB9D5C2690CA70009A0C67 /* AppDelegate.m in Sources */ = {isa = PBXBuildFile; fileRef = 3DFB9D5B2690CA70009A0C67 /* AppDelegate.m */; };
		3DFB9D5F2690CA70009A0C67 /* SceneDelegate.m in Sources */ = {isa = PBXBuildFile; fileRef = 3DFB9D5E2690CA70009A0C67 /* SceneDelegate.m */; };
		3DFB9D622690CA70009A0C67 /* ViewController.m in Sources */ = {isa = PBXBuildFile; fileRef = 3DFB9D612690CA70009A0C67 /* ViewController.m */; };
		3DFB9D652690CA70009A0C67 /* Main.storyboard in Resources */ = {isa = PBXBuildFile; fileRef = 3DFB9D632690CA70009A0C67 /* Main.storyboard */; };
		3DFB9D672690CA71009A0C67 /* Assets.xcassets in Resources */ = {isa = PBXBuildFile; fileRef = 3DFB9D662690CA71009A0C67 /* Assets.xcassets */; };
		3DFB9D6A2690CA71009A0C67 /* LaunchScreen.storyboard in Resources */ = {isa = PBXBuildFile; fileRef = 3DFB9D682690CA71009A0C67 /* LaunchScreen.storyboard */; };
		3DFB9D6D2690CA71009A0C67 /* main.m in Sources */ = {isa = PBXBuildFile; fileRef = 3DFB9D6C2690CA71009A0C67 /* main.m */; };
/* End PBXBuildFile section */

/* Begin PBXFileReference section */
		3DFB9D572690CA70009A0C67 /* TextLink.app */ = {isa = PBXFileReference; explicitFileType = wrapper.application; includeInIndex = 0; path = TextLink.app; sourceTree = BUILT_PRODUCTS_DIR; };
		3DFB9D5A2690CA70009A0C67 /* AppDelegate.h */ = {isa = PBXFileReference; lastKnownFileType = sourcecode.c.h; path = AppDelegate.h; sourceTree = "<group>"; };
		3DFB9D5B2690CA70009A0C67 /* AppDelegate.m */ = {isa = PBXFileReference; lastKnownFileType = sourcecode.c.objc; path = AppDelegate.m; sourceTree = "<group>"; };
		3DFB9D5D2690CA70009A0C67 /* SceneDelegate.h */ = {isa = PBXFileReference; lastKnownFileType = sourcecode.c.h; path = SceneDelegate.h; sourceTree = "<group>"; };
		3DFB9D5E2690CA70009A0C67 /* SceneDelegate.m */ = {isa = PBXFileReference; lastKnownFileType = sourcecode.c.objc; path = SceneDelegate.m; sourceTree = "<group>"; };
		3DFB9D602690CA70009A0C67 /* ViewController.h */ = {isa = PBXFileReference; lastKnownFileType = sourcecode.c.h; path = ViewController.h; sourceTree = "<group>"; };
		3DFB9D612690CA70009A0C67 /* ViewController.m */ = {isa = PBXFileReference; lastKnownFileType = sourcecode.c.objc; path = ViewController.m; sourceTree = "<group>"; };
		3DFB9D642690CA70009A0C67 /* Base */ = {isa = PBXFileReference; lastKnownFileType = file.storyboard; name = Base; path = Base.lproj/Main.storyboard; sourceTree = "<group>"; };
		3DFB9D662690CA71009A0C67 /* Assets.xcassets */ = {isa = PBXFileReference; lastKnownFileType = folder.assetcatalog; path = Assets.xcassets; sourceTree = "<group>"; };
		3DFB9D692690CA71009A0C67 /* Base */ = {isa = PBXFileReference; lastKnownFileType = file.storyboard; name = Base; path = Base.lproj/LaunchScreen.storyboard; sourceTree = "<group>"; };
		3DFB9D6B2690CA71009A0C67 /* Info.plist */ = {isa = PBXFileReference; lastKnownFileType = text.plist.xml; path = Info.plist; sourceTree = "<group>"; };
		3DFB9D6C2690CA71009A0C67 /* main.m */ = {isa = PBXFileReference; lastKnownFileType = sourcecode.c.objc; path = main.m; sourceTree = "<group>"; };
		3DFB9D742690DEAE009A0C67 /* README.md */ = {isa = PBXFileReference; lastKnownFileType = net.daringfireball.markdown; path = README.md; sourceTree = "<group>"; };
/* End PBXFileReference section */

/* Begin PBXFrameworksBuildPhase section */
		3DFB9D542690CA70009A0C67 /* Frameworks */ = {
			isa = PBXFrameworksBuildPhase;
			buildActionMask = 2147483647;
			files = (
			);
			runOnlyForDeploymentPostprocessing = 0;
		};
/* End PBXFrameworksBuildPhase section */

/* Begin PBXGroup section */
		3DFB9D4E2690CA6F009A0C67 = {
			isa = PBXGroup;
			children = (
				3DFB9D742690DEAE009A0C67 /* README.md */,
				3DFB9D592690CA70009A0C67 /* TextLink */,
				3DFB9D582690CA70009A0C67 /* Products */,
			);
			sourceTree = "<group>";
		};
		3DFB9D582690CA70009A0C67 /* Products */ = {
			isa = PBXGroup;
			children = (
				3DFB9D572690CA70009A0C67 /* TextLink.app */,
			);
			name = Products;
			sourceTree = "<group>";
		};
		3DFB9D592690CA70009A0C67 /* TextLink */ = {
			isa = PBXGroup;
			children = (
				3DFB9D5A2690CA70009A0C67 /* AppDelegate.h */,
				3DFB9D5B2690CA70009A0C67 /* AppDelegate.m */,
				3DFB9D5D2690CA70009A0C67 /* SceneDelegate.h */,
				3DFB9D5E2690CA70009A0C67 /* SceneDelegate.m */,
				3DFB9D602690CA70009A0C67 /* ViewController.h */,
				3DFB9D612690CA70009A0C67 /* ViewController.m */,
				3DFB9D632690CA70009A0C67 /* Main.storyboard */,
				3DFB9D662690CA71009A0C67 /* Assets.xcassets */,
				3DFB9D682690CA71009A0C67 /* LaunchScreen.storyboard */,
				3DFB9D6B2690CA71009A0C67 /* Info.plist */,
				3DFB9D6C2690CA71009A0C67 /* main.m */,
			);
			path = TextLink;
			sourceTree = "<group>";
		};
/* End PBXGroup section */

/* Begin PBXNativeTarget section */
		3DFB9D562690CA70009A0C67 /* TextLink */ = {
			isa = PBXNativeTarget;
			buildConfigurationList = 3DFB9D702690CA71009A0C67 /* Build configuration list for PBXNativeTarget "TextLink" */;
			buildPhases = (
				3DFB9D532690CA70009A0C67 /* Sources */,
				3DFB9D542690CA70009A0C67 /* Frameworks */,
				3DFB9D552690CA70009A0C67 /* Resources */,
			);
			buildRules = (
			);
			dependencies = (
			);
			name = TextLink;
			productName = TextLink;
			productReference = 3DFB9D572690CA70009A0C67 /* TextLink.app */;
			productType = "com.apple.product-type.application";
		};
/* End PBXNativeTarget section */

/* Begin PBXProject section */
		3DFB9D4F2690CA6F009A0C67 /* Project object */ = {
			isa = PBXProject;
			attributes = {
				LastUpgradeCheck = 1220;
				TargetAttributes = {
					3DFB9D562690CA70009A0C67 = {
						CreatedOnToolsVersion = 12.2;
					};
				};
			};
			buildConfigurationList = 3DFB9D522690CA6F009A0C67 /* Build configuration list for PBXProject "TextLink" */;
			compatibilityVersion = "Xcode 9.3";
			developmentRegion = en;
			hasScannedForEncodings = 0;
			knownRegions = (
				en,
				Base,
			);
			mainGroup = 3DFB9D4E2690CA6F009A0C67;
			productRefGroup = 3DFB9D582690CA70009A0C67 /* Products */;
			projectDirPath = "";
			projectRoot = "";
			targets = (
				3DFB9D562690CA70009A0C67 /* TextLink */,
			);
		};
/* End PBXProject section */

/* Begin PBXResourcesBuildPhase section */
		3DFB9D552690CA70009A0C67 /* Resources */ = {
			isa = PBXResourcesBuildPhase;
			buildActionMask = 2147483647;
			files = (
				3DFB9D6A2690CA71009A0C67 /* LaunchScreen.storyboard in Resources */,
				3DFB9D672690CA71009A0C67 /* Assets.xcassets in Resources */,
				3DFB9D652690CA70009A0C67 /* Main.storyboard in Resources */,
			);
			runOnlyForDeploymentPostprocessing = 0;
		};
/* End PBXResourcesBuildPhase section */

/* Begin PBXSourcesBuildPhase section */
		3DFB9D532690CA70009A0C67 /* Sources */ = {
			isa = PBXSourcesBuildPhase;
			buildActionMask = 2147483647;
			files = (
				3DFB9D622690CA70009A0C67 /* ViewController.m in Sources */,
				3DFB9D5C2690CA70009A0C67 /* AppDelegate.m in Sources */,
				3DFB9D6D2690CA71009A0C67 /* main.m in Sources */,
				3DFB9D5F2690CA70009A0C67 /* SceneDelegate.m in Sources */,
			);
			runOnlyForDeploymentPostprocessing = 0;
		};
/* End PBXSourcesBuildPhase section */

/* Begin PBXVariantGroup section */
		3DFB9D632690CA70009A0C67 /* Main.storyboard */ = {
			isa = PBXVariantGroup;
			children = (
				3DFB9D642690CA70009A0C67 /* Base */,
			);
			name = Main.storyboard;
			sourceTree = "<group>";
		};
		3DFB9D682690CA71009A0C67 /* LaunchScreen.storyboard */ = {
			isa = PBXVariantGroup;
			children = (
				3DFB9D692690CA71009A0C67 /* Base */,
			);
			name = LaunchScreen.storyboard;
			sourceTree = "<group>";
		};
/* End PBXVariantGroup section */

/* Begin XCBuildConfiguration section */
		3DFB9D6E2690CA71009A0C67 /* Debug */ = {
			isa = XCBuildConfiguration;
			buildSettings = {
				ALWAYS_SEARCH_USER_PATHS = NO;
				CLANG_ANALYZER_NONNULL = YES;
				CLANG_ANALYZER_NUMBER_OBJECT_CONVERSION = YES_AGGRESSIVE;
				CLANG_CXX_LANGUAGE_STANDARD = "gnu++14";
				CLANG_CXX_LIBRARY = "libc++";
				CLANG_ENABLE_MODULES = YES;
				CLANG_ENABLE_OBJC_ARC = YES;
				CLANG_ENABLE_OBJC_WEAK = YES;
				CLANG_WARN_BLOCK_CAPTURE_AUTORELEASING = YES;
				CLANG_WARN_BOOL_CONVERSION = YES;
				CLANG_WARN_COMMA = YES;
				CLANG_WARN_CONSTANT_CONVERSION = YES;
				CLANG_WARN_DEPRECATED_OBJC_IMPLEMENTATIONS = YES;
				CLANG_WARN_DIRECT_OBJC_ISA_USAGE = YES_ERROR;
				CLANG_WARN_DOCUMENTATION_COMMENTS = YES;
				CLANG_WARN_EMPTY_BODY = YES;
				CLANG_WARN_ENUM_CONVERSION = YES;
				CLANG_WARN_INFINITE_RECURSION = YES;
				CLANG_WARN_INT_CONVERSION = YES;
				CLANG_WARN_NON_LITERAL_NULL_CONVERSION = YES;
				CLANG_WARN_OBJC_IMPLICIT_RETAIN_SELF = YES;
				CLANG_WARN_OBJC_LITERAL_CONVERSION = YES;
				CLANG_WARN_OBJC_ROOT_CLASS = YES_ERROR;
				CLANG_WARN_QUOTED_INCLUDE_IN_FRAMEWORK_HEADER = YES;
				CLANG_WARN_RANGE_LOOP_ANALYSIS = YES;
				CLANG_WARN_STRICT_PROTOTYPES = YES;
				CLANG_WARN_SUSPICIOUS_MOVE = YES;
				CLANG_WARN_UNGUARDED_AVAILABILITY = YES_AGGRESSIVE;
				CLANG_WARN_UNREACHABLE_CODE = YES;
				CLANG_WARN__DUPLICATE_METHOD_MATCH = YES;
				COPY_PHASE_STRIP = NO;
				DEBUG_INFORMATION_FORMAT = dwarf;
				ENABLE_STRICT_OBJC_MSGSEND = YES;
				ENABLE_TESTABILITY = YES;
				GCC_C_LANGUAGE_STANDARD = gnu11;
				GCC_DYNAMIC_NO_PIC = NO;
				GCC_NO_COMMON_BLOCKS = YES;
				GCC_OPTIMIZATION_LEVEL = 0;
				GCC_PREPROCESSOR_DEFINITIONS = (
					"DEBUG=1",
					"$(inherited)",
				);
				GCC_WARN_64_TO_32_BIT_CONVERSION = YES;
				GCC_WARN_ABOUT_RETURN_TYPE = YES_ERROR;
				GCC_WARN_UNDECLARED_SELECTOR = YES;
				GCC_WARN_UNINITIALIZED_AUTOS = YES_AGGRESSIVE;
				GCC_WARN_UNUSED_FUNCTION = YES;
				GCC_WARN_UNUSED_VARIABLE = YES;
				IPHONEOS_DEPLOYMENT_TARGET = 14.2;
				MTL_ENABLE_DEBUG_INFO = INCLUDE_SOURCE;
				MTL_FAST_MATH = YES;
				ONLY_ACTIVE_ARCH = YES;
				SDKROOT = iphoneos;
			};
			name = Debug;
		};
		3DFB9D6F2690CA71009A0C67 /* Release */ = {
			isa = XCBuildConfiguration;
			buildSettings = {
				ALWAYS_SEARCH_USER_PATHS = NO;
				CLANG_ANALYZER_NONNULL = YES;
				CLANG_ANALYZER_NUMBER_OBJECT_CONVERSION = YES_AGGRESSIVE;
				CLANG_CXX_LANGUAGE_STANDARD = "gnu++14";
				CLANG_CXX_LIBRARY = "libc++";
				CLANG_ENABLE_MODULES = YES;
				CLANG_ENABLE_OBJC_ARC = YES;
				CLANG_ENABLE_OBJC_WEAK = YES;
				CLANG_WARN_BLOCK_CAPTURE_AUTORELEASING = YES;
				CLANG_WARN_BOOL_CONVERSION = YES;
				CLANG_WARN_COMMA = YES;
				CLANG_WARN_CONSTANT_CONVERSION = YES;
				CLANG_WARN_DEPRECATED_OBJC_IMPLEMENTATIONS = YES;
				CLANG_WARN_DIRECT_OBJC_ISA_USAGE = YES_ERROR;
				CLANG_WARN_DOCUMENTATION_COMMENTS = YES;
				CLANG_WARN_EMPTY_BODY = YES;
				CLANG_WARN_ENUM_CONVERSION = YES;
				CLANG_WARN_INFINITE_RECURSION = YES;
				CLANG_WARN_INT_CONVERSION = YES;
				CLANG_WARN_NON_LITERAL_NULL_CONVERSION = YES;
				CLANG_WARN_OBJC_IMPLICIT_RETAIN_SELF = YES;
				CLANG_WARN_OBJC_LITERAL_CONVERSION = YES;
				CLANG_WARN_OBJC_ROOT_CLASS = YES_ERROR;
				CLANG_WARN_QUOTED_INCLUDE_IN_FRAMEWORK_HEADER = YES;
				CLANG_WARN_RANGE_LOOP_ANALYSIS = YES;
				CLANG_WARN_STRICT_PROTOTYPES = YES;
				CLANG_WARN_SUSPICIOUS_MOVE = YES;
				CLANG_WARN_UNGUARDED_AVAILABILITY = YES_AGGRESSIVE;
				CLANG_WARN_UNREACHABLE_CODE = YES;
				CLANG_WARN__DUPLICATE_METHOD_MATCH = YES;
				COPY_PHASE_STRIP = NO;
				DEBUG_INFORMATION_FORMAT = "dwarf-with-dsym";
				ENABLE_NS_ASSERTIONS = NO;
				ENABLE_STRICT_OBJC_MSGSEND = YES;
				GCC_C_LANGUAGE_STANDARD = gnu11;
				GCC_NO_COMMON_BLOCKS = YES;
				GCC_WARN_64_TO_32_BIT_CONVERSION = YES;
				GCC_WARN_ABOUT_RETURN_TYPE = YES_ERROR;
				GCC_WARN_UNDECLARED_SELECTOR = YES;
				GCC_WARN_UNINITIALIZED_AUTOS = YES_AGGRESSIVE;
				GCC_WARN_UNUSED_FUNCTION = YES;
				GCC_WARN_UNUSED_VARIABLE = YES;
				IPHONEOS_DEPLOYMENT_TARGET = 14.2;
				MTL_ENABLE_DEBUG_INFO = NO;
				MTL_FAST_MATH = YES;
				SDKROOT = iphoneos;
				VALIDATE_PRODUCT = YES;
			};
			name = Release;
		};
		3DFB9D712690CA71009A0C67 /* Debug */ = {
			isa = XCBuildConfiguration;
			buildSettings = {
				ASSETCATALOG_COMPILER_APPICON_NAME = AppIcon;
				ASSETCATALOG_COMPILER_GLOBAL_ACCENT_COLOR_NAME = AccentColor;
				CODE_SIGN_STYLE = Automatic;
				DEVELOPMENT_TEAM = C9XNX575S2;
				INFOPLIST_FILE = TextLink/Info.plist;
				LD_RUNPATH_SEARCH_PATHS = (
					"$(inherited)",
					"@executable_path/Frameworks",
				);
				PRODUCT_BUNDLE_IDENTIFIER = com.kevinscardina.TextLink;
				PRODUCT_NAME = "$(TARGET_NAME)";
				TARGETED_DEVICE_FAMILY = "1,2";
			};
			name = Debug;
		};
		3DFB9D722690CA71009A0C67 /* Release */ = {
			isa = XCBuildConfiguration;
			buildSettings = {
				ASSETCATALOG_COMPILER_APPICON_NAME = AppIcon;
				ASSETCATALOG_COMPILER_GLOBAL_ACCENT_COLOR_NAME = AccentColor;
				CODE_SIGN_STYLE = Automatic;
				DEVELOPMENT_TEAM = C9XNX575S2;
				INFOPLIST_FILE = TextLink/Info.plist;
				LD_RUNPATH_SEARCH_PATHS = (
					"$(inherited)",
					"@executable_path/Frameworks",
				);
				PRODUCT_BUNDLE_IDENTIFIER = com.kevinscardina.TextLink;
				PRODUCT_NAME = "$(TARGET_NAME)";
				TARGETED_DEVICE_FAMILY = "1,2";
			};
			name = Release;
		};
/* End XCBuildConfiguration section */

/* Begin XCConfigurationList section */
		3DFB9D522690CA6F009A0C67 /* Build configuration list for PBXProject "TextLink" */ = {
			isa = XCConfigurationList;
			buildConfigurations = (
				3DFB9D6E2690CA71009A0C67 /* Debug */,
				3DFB9D6F2690CA71009A0C67 /* Release */,
			);
			defaultConfigurationIsVisible = 0;
			defaultConfigurationName = Release;
		};
		3DFB9D702690CA71009A0C67 /* Build configuration list for PBXNativeTarget "TextLink" */ = {
			isa = XCConfigurationList;
			buildConfigurations = (
				3DFB9D712690CA71009A0C67 /* Debug */,
				3DFB9D722690CA71009A0C67 /* Release */,
			);
			defaultConfigurationIsVisible = 0;
			defaultConfigurationName = Release;
		};
/* End XCConfigurationList section */
	};
	rootObject = 3DFB9D4F2690CA6F009A0C67 /* Project object */;
}
